
Microsoft Visual Studio Solution File, Format Version 12.00
# Visual Studio 15
VisualStudioVersion = 15.0.28307.1525
MinimumVisualStudioVersion = 10.0.40219.1
Project("{FAE04EC0-301F-11D3-BF4B-00C04F79EFBC}") = "ExerciciosPropostos2", "ExerciciosPropostos2\ExerciciosPropostos2.csproj", "{9517C45D-F267-45EB-88BA-DB2DD8D5C5C1}"
EndProject
Global
	GlobalSection(SolutionConfigurationPlatforms) = preSolution
		Debug|Any CPU = Debug|Any CPU
		Release|Any CPU = Release|Any CPU
	EndGlobalSection
	GlobalSection(ProjectConfigurationPlatforms) = postSolution
		{9517C45D-F267-45EB-88BA-DB2DD8D5C5C1}.Debug|Any CPU.ActiveCfg = Debug|Any CPU
		{9517C45D-F267-45EB-88BA-DB2DD8D5C5C1}.Debug|Any CPU.Build.0 = Debug|Any CPU
		{9517C45D-F267-45EB-88BA-DB2DD8D5C5C1}.Release|Any CPU.ActiveCfg = Release|Any CPU
		{9517C45D-F267-45EB-88BA-DB2DD8D5C5C1}.Release|Any CPU.Build.0 = Release|Any CPU
	EndGlobalSection
	GlobalSection(SolutionProperties) = preSolution
		HideSolutionNode = FALSE
	EndGlobalSection
	GlobalSection(ExtensibilityGlobals) = postSolution
		SolutionGuid = {5835098A-199B-486F-98BD-8E05950D666F}
	EndGlobalSection
EndGlobal
