
Microsoft Visual Studio Solution File, Format Version 12.00
# Visual Studio 15
VisualStudioVersion = 15.0.28307.1525
MinimumVisualStudioVersion = 10.0.40219.1
Project("{FAE04EC0-301F-11D3-BF4B-00C04F79EFBC}") = "ExerciciosPropostos3", "ExerciciosPropostos3\ExerciciosPropostos3.csproj", "{78AE6251-3D5D-45BB-974D-9FAF64E27783}"
EndProject
Global
	GlobalSection(SolutionConfigurationPlatforms) = preSolution
		Debug|Any CPU = Debug|Any CPU
		Release|Any CPU = Release|Any CPU
	EndGlobalSection
	GlobalSection(ProjectConfigurationPlatforms) = postSolution
		{78AE6251-3D5D-45BB-974D-9FAF64E27783}.Debug|Any CPU.ActiveCfg = Debug|Any CPU
		{78AE6251-3D5D-45BB-974D-9FAF64E27783}.Debug|Any CPU.Build.0 = Debug|Any CPU
		{78AE6251-3D5D-45BB-974D-9FAF64E27783}.Release|Any CPU.ActiveCfg = Release|Any CPU
		{78AE6251-3D5D-45BB-974D-9FAF64E27783}.Release|Any CPU.Build.0 = Release|Any CPU
	EndGlobalSection
	GlobalSection(SolutionProperties) = preSolution
		HideSolutionNode = FALSE
	EndGlobalSection
	GlobalSection(ExtensibilityGlobals) = postSolution
		SolutionGuid = {E325045A-3005-4610-93A2-3001417B3B89}
	EndGlobalSection
EndGlobal
